#MicroXplorer Configuration settings - do not modify
Mcu.Family=STM32F1
ProjectManager.MainLocation=Core/Src
RCC.MCOFreq_Value=72000000
ProjectManager.KeepUserCode=true
Mcu.UserName=STM32F103RCTx
RCC.PLLCLKFreq_Value=72000000
PC7.Locked=true
ProjectManager.functionlistsort=1-MX_GPIO_Init-GPIO-false-HAL-true,2-SystemClock_Config-RCC-false-HAL-false,3-MX_TIM2_Init-TIM2-false-HAL-true,4-MX_USART1_UART_Init-USART1-false-HAL-true,5-MX_TIM8_Init-TIM8-false-HAL-true
RCC.ADCFreqValue=12000000
NVIC.TIM1_UP_IRQn=true\:0\:0\:false\:false\:true\:false\:false\:true
TIM8.Channel-PWM\ Generation4\ CH4=TIM_CHANNEL_4
USART1.IPParameters=VirtualMode
PB11.Signal=GPIO_Output
PB13.Signal=GPIO_Output
PinOutPanel.RotationAngle=0
RCC.SYSCLKSource=RCC_SYSCLKSOURCE_PLLCLK
ProjectManager.StackSize=0x400
VP_FREERTOS_VS_CMSIS_V2.Mode=CMSIS_V2
PD1-OSC_OUT.Signal=RCC_OSC_OUT
Mcu.IP4=TIM8
RCC.FCLKCortexFreq_Value=72000000
Mcu.IP5=USART1
NVIC.SVCall_IRQn=true\:0\:0\:false\:false\:false\:false\:false\:false
Mcu.IP2=RCC
RCC.SDIOHCLKDiv2FreqValue=36000000
Mcu.IP3=SYS
Mcu.IP0=FREERTOS
Mcu.IP1=NVIC
Mcu.UserConstants=
Mcu.ThirdPartyNb=0
RCC.SDIOFreq_Value=72000000
PB1.GPIO_PuPd=GPIO_PULLUP
RCC.HCLKFreq_Value=72000000
Mcu.IPNb=6
ProjectManager.PreviousToolchain=
RCC.APB2TimFreq_Value=72000000
PB6.Signal=GPIO_Output
PC7.Signal=GPIO_Output
Mcu.Pin6=PB1
Mcu.Pin7=PB2
Mcu.Pin8=PB10
Mcu.Pin9=PB11
FREERTOS.IPParameters=Tasks01,FootprintOK,configTOTAL_HEAP_SIZE
RCC.AHBFreq_Value=72000000
PB13.Locked=true
Mcu.Pin0=PC14-OSC32_IN
Mcu.Pin1=PC15-OSC32_OUT
TIM8.IPParameters=Channel-PWM Generation4 CH4,Prescaler,Period
GPIO.groupedBy=Group By Peripherals
Mcu.Pin2=PD0-OSC_IN
Mcu.Pin3=PD1-OSC_OUT
PA0-WKUP.GPIOParameters=GPIO_Speed,GPIO_PuPd
Mcu.Pin4=PA0-WKUP
Mcu.Pin5=PB0
ProjectManager.ProjectBuild=false
NVIC.UsageFault_IRQn=true\:0\:0\:false\:false\:true\:false\:false\:false
PA0-WKUP.GPIO_Speed=GPIO_SPEED_FREQ_HIGH
NVIC.DebugMonitor_IRQn=true\:0\:0\:false\:false\:true\:false\:false\:false
PB2.Signal=GPIO_Input
NVIC.SysTick_IRQn=true\:0\:0\:false\:false\:false\:false\:false\:false
RCC.PLLMUL=RCC_PLL_MUL9
ProjectManager.FirmwarePackage=STM32Cube FW_F1 V1.8.3
MxDb.Version=DB.6.0.0
PB0.GPIOParameters=GPIO_PuPd
ProjectManager.BackupPrevious=false
PC14-OSC32_IN.Mode=LSE-External-Oscillator
VP_SYS_VS_tim1.Mode=TIM1
File.Version=6
PB7.Signal=GPIO_Output
PB8.Locked=true
PB6.Locked=true
NVIC.PendSV_IRQn=true\:0\:0\:false\:false\:false\:false\:false\:false
ProjectManager.HalAssertFull=false
PB2.GPIO_PuPd=GPIO_PULLUP
PB0.Locked=true
FREERTOS.configTOTAL_HEAP_SIZE=4096
ProjectManager.ProjectName=compertition
RCC.PLLMCOFreq_Value=36000000
Mcu.Package=LQFP64
PB9.Signal=GPIO_Output
PB1.Signal=GPIO_Input
SH.S_TIM8_CH4.0=TIM8_CH4,PWM Generation4 CH4
NVIC.TimeBase=TIM1_UP_IRQn
RCC.I2S2Freq_Value=72000000
ProjectManager.ToolChainLocation=
NVIC.TimeBaseIP=TIM1
PA10.Signal=USART1_RX
FREERTOS.FootprintOK=false
PC6.GPIO_PuPd=GPIO_PULLUP
TIM8.Prescaler=71
RCC.APB1TimFreq_Value=72000000
NVIC.BusFault_IRQn=true\:0\:0\:false\:false\:true\:false\:false\:false
NVIC.USART1_IRQn=true\:0\:0\:false\:false\:true\:true\:true\:true
ProjectManager.CustomerFirmwarePackage=
PB3.Locked=true
PB4.Signal=GPIO_Output
RCC.PLLSourceVirtual=RCC_PLLSOURCE_HSE
PC15-OSC32_OUT.Mode=LSE-External-Oscillator
ProjectManager.ProjectFileName=compertition.ioc
FREERTOS.Tasks01=Task_center,24,128,Task_center_f,Default,NULL,Dynamic,NULL,NULL;Task_key_scan,8,128,Task_key_scan_f,Default,NULL,Dynamic,NULL,NULL;Task_NTC_scan,8,128,Task_NTC_scan_f,Default,NULL,Dynamic,NULL,NULL;Task_led,8,128,Task_led_f,Default,NULL,Dynamic,NULL,NULL;Task_display,8,128,Task_display_f,Default,NULL,Dynamic,NULL,NULL;Task_output,8,128,Task_output_f,Default,NULL,Dynamic,NULL,NULL
PD1-OSC_OUT.Mode=HSE-External-Oscillator
PA10.Mode=Asynchronous
Mcu.PinsNb=29
ProjectManager.NoMain=false
NVIC.SavedSvcallIrqHandlerGenerated=true
PC8.Signal=GPIO_Output
PC6.Signal=GPIO_Input
ProjectManager.DefaultFWLocation=true
PD0-OSC_IN.Signal=RCC_OSC_IN
PB12.Locked=true
ProjectManager.DeletePrevious=true
PB14.Locked=true
RCC.APB1CLKDivider=RCC_HCLK_DIV2
PB10.Locked=true
PC14-OSC32_IN.Signal=RCC_OSC32_IN
VP_SYS_VS_ND.Mode=No_Debug
RCC.FamilyName=M
RCC.I2S3Freq_Value=72000000
PA0-WKUP.Signal=GPIO_Output
PA0-WKUP.Locked=true
RCC.ADCPresc=RCC_ADCPCLK2_DIV6
PA9.Mode=Asynchronous
ProjectManager.TargetToolchain=MDK-ARM V5.27
PC6.Locked=true
PA9.Signal=USART1_TX
PB2.GPIOParameters=GPIO_PuPd
PB5.Locked=true
PB9.Locked=true
ProjectManager.RegisterCallBack=
RCC.USBFreq_Value=72000000
PC15-OSC32_OUT.Signal=RCC_OSC32_OUT
PB1.Locked=true
PD0-OSC_IN.Mode=HSE-External-Oscillator
PB10.Signal=GPIO_Output
SH.S_TIM8_CH4.ConfNb=1
PB14.Signal=GPIO_Output
board=custom
ProjectManager.LastFirmware=true
RCC.VCOOutput2Freq_Value=8000000
NVIC.SavedSystickIrqHandlerGenerated=true
RCC.APB2Freq_Value=72000000
MxCube.Version=6.0.1
VP_SYS_VS_tim1.Signal=SYS_VS_tim1
VP_SYS_VS_ND.Signal=SYS_VS_ND
NVIC.NonMaskableInt_IRQn=true\:0\:0\:false\:false\:true\:false\:false\:false
ProjectManager.FreePins=false
RCC.IPParameters=ADCFreqValue,ADCPresc,AHBFreq_Value,APB1CLKDivider,APB1Freq_Value,APB1TimFreq_Value,APB2Freq_Value,APB2TimFreq_Value,FCLKCortexFreq_Value,FamilyName,HCLKFreq_Value,I2S2Freq_Value,I2S3Freq_Value,MCOFreq_Value,PLLCLKFreq_Value,PLLMCOFreq_Value,PLLMUL,PLLSourceVirtual,SDIOFreq_Value,SDIOHCLKDiv2FreqValue,SYSCLKFreq_VALUE,SYSCLKSource,TimSysFreq_Value,USBFreq_Value,VCOOutput2Freq_Value
ProjectManager.AskForMigrate=true
Mcu.Name=STM32F103R(C-D-E)Tx
Mcu.Pin26=VP_FREERTOS_VS_CMSIS_V2
Mcu.Pin27=VP_SYS_VS_ND
NVIC.SavedPendsvIrqHandlerGenerated=true
Mcu.Pin24=PB8
ProjectManager.UnderRoot=false
Mcu.Pin25=PB9
PB2.Locked=true
VP_FREERTOS_VS_CMSIS_V2.Signal=FREERTOS_VS_CMSIS_V2
TIM8.Period=999
Mcu.Pin28=VP_SYS_VS_tim1
ProjectManager.CoupleFile=false
PB4.Locked=true
PB3.Signal=GPIO_Output
RCC.SYSCLKFreq_VALUE=72000000
Mcu.Pin22=PB6
PB5.Signal=GPIO_Output
Mcu.Pin23=PB7
RCC.TimSysFreq_Value=72000000
Mcu.Pin20=PB4
Mcu.Pin21=PB5
NVIC.ForceEnableDMAVector=true
KeepUserPlacement=false
NVIC.MemoryManagement_IRQn=true\:0\:0\:false\:false\:true\:false\:false\:false
USART1.VirtualMode=VM_ASYNC
ProjectManager.CompilerOptimize=6
ProjectManager.HeapSize=0x200
Mcu.Pin15=PC8
NVIC.HardFault_IRQn=true\:0\:0\:false\:false\:true\:false\:false\:false
Mcu.Pin16=PC9
Mcu.Pin13=PC6
PC6.GPIOParameters=GPIO_PuPd
Mcu.Pin14=PC7
Mcu.Pin19=PB3
ProjectManager.ComputerToolchain=false
Mcu.Pin17=PA9
Mcu.Pin18=PA10
NVIC.PriorityGroup=NVIC_PRIORITYGROUP_4
Mcu.Pin11=PB13
Mcu.Pin12=PB14
Mcu.Pin10=PB12
PB7.Locked=true
PB8.Signal=GPIO_Output
PA0-WKUP.GPIO_PuPd=GPIO_PULLUP
PC8.Locked=true
PC9.Signal=S_TIM8_CH4
RCC.APB1Freq_Value=36000000
PB0.Signal=GPIO_Input
PB11.Locked=true
ProjectManager.DeviceId=STM32F103RCTx
PB12.Signal=GPIO_Output
ProjectManager.LibraryCopy=0
PB0.GPIO_PuPd=GPIO_PULLUP
PB1.GPIOParameters=GPIO_PuPd
